
Microsoft Visual Studio Solution File, Format Version 12.00
# Visual Studio 15
VisualStudioVersion = 15.0.26730.12
MinimumVisualStudioVersion = 10.0.40219.1
Project("{FAE04EC0-301F-11D3-BF4B-00C04F79EFBC}") = "SimpleHttpServer", "SimpleHttpServer\SimpleHttpServer.csproj", "{0B1BCC9D-6E20-4774-B05F-D3B6EA626100}"
EndProject
Global
	GlobalSection(SolutionConfigurationPlatforms) = preSolution
		Debug|Any CPU = Debug|Any CPU
		Release|Any CPU = Release|Any CPU
	EndGlobalSection
	GlobalSection(ProjectConfigurationPlatforms) = postSolution
		{0B1BCC9D-6E20-4774-B05F-D3B6EA626100}.Debug|Any CPU.ActiveCfg = Debug|Any CPU
		{0B1BCC9D-6E20-4774-B05F-D3B6EA626100}.Debug|Any CPU.Build.0 = Debug|Any CPU
		{0B1BCC9D-6E20-4774-B05F-D3B6EA626100}.Release|Any CPU.ActiveCfg = Release|Any CPU
		{0B1BCC9D-6E20-4774-B05F-D3B6EA626100}.Release|Any CPU.Build.0 = Release|Any CPU
	EndGlobalSection
	GlobalSection(SolutionProperties) = preSolution
		HideSolutionNode = FALSE
	EndGlobalSection
	GlobalSection(ExtensibilityGlobals) = postSolution
		SolutionGuid = {42AAB5D6-0213-489F-B0DD-9B49FB1D76A1}
	EndGlobalSection
EndGlobal
